
Microsoft Visual Studio Solution File, Format Version 12.00
# Visual Studio Version 16
VisualStudioVersion = 16.0.29709.97
MinimumVisualStudioVersion = 10.0.40219.1
Project("{FAE04EC0-301F-11D3-BF4B-00C04F79EFBC}") = "ContosoUniversity", "ContosoUniversity.csproj", "{4EF2E85E-C156-4788-8735-F286BCE92297}"
EndProject
Global
	GlobalSection(SolutionConfigurationPlatforms) = preSolution
		Debug|Any CPU = Debug|Any CPU
		Release|Any CPU = Release|Any CPU
	EndGlobalSection
	GlobalSection(ProjectConfigurationPlatforms) = postSolution
		{4EF2E85E-C156-4788-8735-F286BCE92297}.Debug|Any CPU.ActiveCfg = Debug|Any CPU
		{4EF2E85E-C156-4788-8735-F286BCE92297}.Debug|Any CPU.Build.0 = Debug|Any CPU
		{4EF2E85E-C156-4788-8735-F286BCE92297}.Release|Any CPU.ActiveCfg = Release|Any CPU
		{4EF2E85E-C156-4788-8735-F286BCE92297}.Release|Any CPU.Build.0 = Release|Any CPU
	EndGlobalSection
	GlobalSection(SolutionProperties) = preSolution
		HideSolutionNode = FALSE
	EndGlobalSection
	GlobalSection(ExtensibilityGlobals) = postSolution
		SolutionGuid = {546B8138-3A6B-458B-9AEA-900C509C061E}
	EndGlobalSection
EndGlobal
